<Solution>
  <Folder Name="/src/">
    <Project Path="src/SecVideo.API/SecVideo.API.csproj" />
    <Project Path="src/SecVideo.Application/SecVideo.Application.csproj" />
    <Project Path="src/SecVideo.Domain/SecVideo.Domain.csproj" />
    <Project Path="src/SecVideo.Infrastructure/SecVideo.Infrastructure.csproj" />
  </Folder>
</Solution>
